// !$*UTF8*$!
{
	archiveVersion = 1;
	classes = {
	};
	objectVersion = 46;
	objects = {

/* Begin PBXBuildFile section */
		44A6BB5C1F44F5CB00EEABBB /* Main.storyboard in Resources */ = {isa = PBXBuildFile; fileRef = 44A6BB5B1F44F5CB00EEABBB /* Main.storyboard */; };
		44A6BB5E1F44F7B300EEABBB /* Media.xcassets in Resources */ = {isa = PBXBuildFile; fileRef = 44A6BB5D1F44F7B300EEABBB /* Media.xcassets */; };
		44BE071C1F42DDEC00596DFE /* AppDelegate.swift in Sources */ = {isa = PBXBuildFile; fileRef = 44BE071B1F42DDEC00596DFE /* AppDelegate.swift */; };
		6F3502EDA6C204DD2032F1BA /* DateUtils.swift in Sources */ = {isa = PBXBuildFile; fileRef = 6F3503534642680E88BD8E06 /* DateUtils.swift */; };
		6F3503F43340DE7A52E790C2 /* PostWebPageViewController.swift in Sources */ = {isa = PBXBuildFile; fileRef = 6F350E8C6A0E39141C4FCAE7 /* PostWebPageViewController.swift */; };
		6F350459FF9358BEE538CBB3 /* ClassUtils.swift in Sources */ = {isa = PBXBuildFile; fileRef = 6F35096BBBB818C7D3249400 /* ClassUtils.swift */; };
		6F3505A8DA9824E0CB329649 /* DataProviderService.swift in Sources */ = {isa = PBXBuildFile; fileRef = 6F35064B3D35F6D15398BFEC /* DataProviderService.swift */; };
		6F3505AA4E1CAB6B9A007FD7 /* CacheDataService.swift in Sources */ = {isa = PBXBuildFile; fileRef = 6F35015C8F33B0E4A63E4D57 /* CacheDataService.swift */; };
		6F3505D2BA3E5F19E12E9B6F /* WebPageViewController.swift in Sources */ = {isa = PBXBuildFile; fileRef = 6F3507E27ABFEA0210CF33B3 /* WebPageViewController.swift */; };
		6F3506802619F2D6995B09DE /* RedditPostTableViewCell.xib in Resources */ = {isa = PBXBuildFile; fileRef = 6F350CF96657672578C723FF /* RedditPostTableViewCell.xib */; };
		6F35069FD77033D286E25F52 /* PostListViewController.swift in Sources */ = {isa = PBXBuildFile; fileRef = 6F3504D5CAE0D4031F246CD0 /* PostListViewController.swift */; };
		6F35086E1A0A8CFB76030F37 /* TopPostsDataService.swift in Sources */ = {isa = PBXBuildFile; fileRef = 6F350DC95553EAA3B3A4418A /* TopPostsDataService.swift */; };
		6F350AF880AD3C5073B035D2 /* DataUtils.swift in Sources */ = {isa = PBXBuildFile; fileRef = 6F35081A2A5FFB4C3996BE3A /* DataUtils.swift */; };
		6F350AFCB5E92C511A34C0E3 /* UserDefaultsStorageService.swift in Sources */ = {isa = PBXBuildFile; fileRef = 6F350B062562FE28AAE281FF /* UserDefaultsStorageService.swift */; };
		6F350B1699A73246477BCD71 /* RedditPostCellDelegate.swift in Sources */ = {isa = PBXBuildFile; fileRef = 6F350F635AFF7C863072D590 /* RedditPostCellDelegate.swift */; };
		6F350BDF00C37E40B1ED2E8A /* PostModel.swift in Sources */ = {isa = PBXBuildFile; fileRef = 6F350FBD106D7EDCEAE70320 /* PostModel.swift */; };
		6F350BE6FB31DBAA3B8DFD24 /* RedditPostTableViewCell.swift in Sources */ = {isa = PBXBuildFile; fileRef = 6F350711D3C61100FECCF207 /* RedditPostTableViewCell.swift */; };
		6F350C5DDC25E4C0C1AE83D4 /* PostModelPresenter.swift in Sources */ = {isa = PBXBuildFile; fileRef = 6F350244389EA6606AECEA11 /* PostModelPresenter.swift */; };
		6F350D9F6D449B16CE717C5A /* FullImageViewController.swift in Sources */ = {isa = PBXBuildFile; fileRef = 6F350320185E80376464E83E /* FullImageViewController.swift */; };
		6F350E2C068A53199AABAE51 /* NetworkUtils.swift in Sources */ = {isa = PBXBuildFile; fileRef = 6F35054D6B1D0C261EB84DA5 /* NetworkUtils.swift */; };
		6F350E566B740199DCDC7F49 /* NetworkDataService.swift in Sources */ = {isa = PBXBuildFile; fileRef = 6F3505C3F6F6D76647124679 /* NetworkDataService.swift */; };
		6F350FAAF5B4966747E7742A /* DataStorageService.swift in Sources */ = {isa = PBXBuildFile; fileRef = 6F350546567C7A7E48B21872 /* DataStorageService.swift */; };
		6F350FFBF1305FFB7E918557 /* Default-568h@2x.png in Resources */ = {isa = PBXBuildFile; fileRef = 6F350C703BA289ECCAD3965E /* Default-568h@2x.png */; };
/* End PBXBuildFile section */

/* Begin PBXFileReference section */
		44A6BB5B1F44F5CB00EEABBB /* Main.storyboard */ = {isa = PBXFileReference; fileEncoding = 4; lastKnownFileType = file.storyboard; path = Main.storyboard; sourceTree = "<group>"; };
		44A6BB5D1F44F7B300EEABBB /* Media.xcassets */ = {isa = PBXFileReference; lastKnownFileType = folder.assetcatalog; path = Media.xcassets; sourceTree = "<group>"; };
		44BE07181F42DDEC00596DFE /* RedditReader.app */ = {isa = PBXFileReference; explicitFileType = wrapper.application; includeInIndex = 0; path = RedditReader.app; sourceTree = BUILT_PRODUCTS_DIR; };
		44BE071B1F42DDEC00596DFE /* AppDelegate.swift */ = {isa = PBXFileReference; lastKnownFileType = sourcecode.swift; path = AppDelegate.swift; sourceTree = "<group>"; };
		44BE07271F42DDEC00596DFE /* Info.plist */ = {isa = PBXFileReference; lastKnownFileType = text.plist.xml; path = Info.plist; sourceTree = "<group>"; };
		6F35015C8F33B0E4A63E4D57 /* CacheDataService.swift */ = {isa = PBXFileReference; fileEncoding = 4; lastKnownFileType = sourcecode.swift; path = CacheDataService.swift; sourceTree = "<group>"; };
		6F350244389EA6606AECEA11 /* PostModelPresenter.swift */ = {isa = PBXFileReference; fileEncoding = 4; lastKnownFileType = sourcecode.swift; path = PostModelPresenter.swift; sourceTree = "<group>"; };
		6F350320185E80376464E83E /* FullImageViewController.swift */ = {isa = PBXFileReference; fileEncoding = 4; lastKnownFileType = sourcecode.swift; path = FullImageViewController.swift; sourceTree = "<group>"; };
		6F3503534642680E88BD8E06 /* DateUtils.swift */ = {isa = PBXFileReference; fileEncoding = 4; lastKnownFileType = sourcecode.swift; path = DateUtils.swift; sourceTree = "<group>"; };
		6F3504D5CAE0D4031F246CD0 /* PostListViewController.swift */ = {isa = PBXFileReference; fileEncoding = 4; lastKnownFileType = sourcecode.swift; path = PostListViewController.swift; sourceTree = "<group>"; };
		6F350546567C7A7E48B21872 /* DataStorageService.swift */ = {isa = PBXFileReference; fileEncoding = 4; lastKnownFileType = sourcecode.swift; path = DataStorageService.swift; sourceTree = "<group>"; };
		6F35054D6B1D0C261EB84DA5 /* NetworkUtils.swift */ = {isa = PBXFileReference; fileEncoding = 4; lastKnownFileType = sourcecode.swift; path = NetworkUtils.swift; sourceTree = "<group>"; };
		6F3505C3F6F6D76647124679 /* NetworkDataService.swift */ = {isa = PBXFileReference; fileEncoding = 4; lastKnownFileType = sourcecode.swift; path = NetworkDataService.swift; sourceTree = "<group>"; };
		6F35064B3D35F6D15398BFEC /* DataProviderService.swift */ = {isa = PBXFileReference; fileEncoding = 4; lastKnownFileType = sourcecode.swift; path = DataProviderService.swift; sourceTree = "<group>"; };
		6F350711D3C61100FECCF207 /* RedditPostTableViewCell.swift */ = {isa = PBXFileReference; fileEncoding = 4; lastKnownFileType = sourcecode.swift; path = RedditPostTableViewCell.swift; sourceTree = "<group>"; };
		6F3507E27ABFEA0210CF33B3 /* WebPageViewController.swift */ = {isa = PBXFileReference; fileEncoding = 4; lastKnownFileType = sourcecode.swift; path = WebPageViewController.swift; sourceTree = "<group>"; };
		6F35081A2A5FFB4C3996BE3A /* DataUtils.swift */ = {isa = PBXFileReference; fileEncoding = 4; lastKnownFileType = sourcecode.swift; path = DataUtils.swift; sourceTree = "<group>"; };
		6F35096BBBB818C7D3249400 /* ClassUtils.swift */ = {isa = PBXFileReference; fileEncoding = 4; lastKnownFileType = sourcecode.swift; path = ClassUtils.swift; sourceTree = "<group>"; };
		6F350B062562FE28AAE281FF /* UserDefaultsStorageService.swift */ = {isa = PBXFileReference; fileEncoding = 4; lastKnownFileType = sourcecode.swift; path = UserDefaultsStorageService.swift; sourceTree = "<group>"; };
		6F350C703BA289ECCAD3965E /* Default-568h@2x.png */ = {isa = PBXFileReference; lastKnownFileType = image.png; path = "Default-568h@2x.png"; sourceTree = "<group>"; };
		6F350CF96657672578C723FF /* RedditPostTableViewCell.xib */ = {isa = PBXFileReference; lastKnownFileType = file.xib; path = RedditPostTableViewCell.xib; sourceTree = "<group>"; };
		6F350DC95553EAA3B3A4418A /* TopPostsDataService.swift */ = {isa = PBXFileReference; fileEncoding = 4; lastKnownFileType = sourcecode.swift; path = TopPostsDataService.swift; sourceTree = "<group>"; };
		6F350E8C6A0E39141C4FCAE7 /* PostWebPageViewController.swift */ = {isa = PBXFileReference; fileEncoding = 4; lastKnownFileType = sourcecode.swift; path = PostWebPageViewController.swift; sourceTree = "<group>"; };
		6F350F635AFF7C863072D590 /* RedditPostCellDelegate.swift */ = {isa = PBXFileReference; fileEncoding = 4; lastKnownFileType = sourcecode.swift; path = RedditPostCellDelegate.swift; sourceTree = "<group>"; };
		6F350FBD106D7EDCEAE70320 /* PostModel.swift */ = {isa = PBXFileReference; fileEncoding = 4; lastKnownFileType = sourcecode.swift; path = PostModel.swift; sourceTree = "<group>"; };
/* End PBXFileReference section */

/* Begin PBXFrameworksBuildPhase section */
		44BE07151F42DDEC00596DFE /* Frameworks */ = {
			isa = PBXFrameworksBuildPhase;
			buildActionMask = 2147483647;
			files = (
			);
			runOnlyForDeploymentPostprocessing = 0;
		};
/* End PBXFrameworksBuildPhase section */

/* Begin PBXGroup section */
		44BE070F1F42DDEC00596DFE = {
			isa = PBXGroup;
			children = (
				44BE071A1F42DDEC00596DFE /* RedditReader */,
				44BE07191F42DDEC00596DFE /* Products */,
			);
			sourceTree = "<group>";
		};
		44BE07191F42DDEC00596DFE /* Products */ = {
			isa = PBXGroup;
			children = (
				44BE07181F42DDEC00596DFE /* RedditReader.app */,
			);
			name = Products;
			sourceTree = "<group>";
		};
		44BE071A1F42DDEC00596DFE /* RedditReader */ = {
			isa = PBXGroup;
			children = (
				6F350AC28E11BB171C0E284F /* Screens */,
				6F350D2C75112BD5B7A74B79 /* Models */,
				6F3509C769CCD3B5A25CE0FD /* Services */,
				6F35078072DB088956585D3F /* Utils */,
				6F3505DEDD97CA718D584180 /* Resources */,
				44BE071B1F42DDEC00596DFE /* AppDelegate.swift */,
				44BE07271F42DDEC00596DFE /* Info.plist */,
			);
			path = RedditReader;
			sourceTree = "<group>";
		};
		6F3505DEDD97CA718D584180 /* Resources */ = {
			isa = PBXGroup;
			children = (
				44A6BB5B1F44F5CB00EEABBB /* Main.storyboard */,
				44A6BB5D1F44F7B300EEABBB /* Media.xcassets */,
				6F350C703BA289ECCAD3965E /* Default-568h@2x.png */,
			);
			path = Resources;
			sourceTree = "<group>";
		};
		6F350756115ABCC4528BBAA0 /* HomeScreen */ = {
			isa = PBXGroup;
			children = (
				6F3508426C2C0D5209284387 /* Components */,
				6F3504D5CAE0D4031F246CD0 /* PostListViewController.swift */,
				6F350320185E80376464E83E /* FullImageViewController.swift */,
				6F350E8C6A0E39141C4FCAE7 /* PostWebPageViewController.swift */,
			);
			path = HomeScreen;
			sourceTree = "<group>";
		};
		6F35078072DB088956585D3F /* Utils */ = {
			isa = PBXGroup;
			children = (
				6F35081A2A5FFB4C3996BE3A /* DataUtils.swift */,
				6F3503534642680E88BD8E06 /* DateUtils.swift */,
				6F35096BBBB818C7D3249400 /* ClassUtils.swift */,
				6F35054D6B1D0C261EB84DA5 /* NetworkUtils.swift */,
			);
			path = Utils;
			sourceTree = "<group>";
		};
		6F3508426C2C0D5209284387 /* Components */ = {
			isa = PBXGroup;
			children = (
				6F350E241DCC098AFE71A99B /* PostCell */,
			);
			path = Components;
			sourceTree = "<group>";
		};
		6F35091298AFF3834BDB7ECF /* DataProviderService */ = {
			isa = PBXGroup;
			children = (
				6F35015C8F33B0E4A63E4D57 /* CacheDataService.swift */,
				6F350DC95553EAA3B3A4418A /* TopPostsDataService.swift */,
				6F3505C3F6F6D76647124679 /* NetworkDataService.swift */,
				6F35064B3D35F6D15398BFEC /* DataProviderService.swift */,
			);
			path = DataProviderService;
			sourceTree = "<group>";
		};
		6F3509C769CCD3B5A25CE0FD /* Services */ = {
			isa = PBXGroup;
			children = (
				6F350E40ABC75FB2F7A251E6 /* DataStorageService */,
				6F35091298AFF3834BDB7ECF /* DataProviderService */,
			);
			path = Services;
			sourceTree = "<group>";
		};
		6F350AC28E11BB171C0E284F /* Screens */ = {
			isa = PBXGroup;
			children = (
				6F350F090B4CF1825D5EF893 /* Commons */,
				6F350756115ABCC4528BBAA0 /* HomeScreen */,
			);
			path = Screens;
			sourceTree = "<group>";
		};
		6F350D2C75112BD5B7A74B79 /* Models */ = {
			isa = PBXGroup;
			children = (
				6F350FBD106D7EDCEAE70320 /* PostModel.swift */,
			);
			path = Models;
			sourceTree = "<group>";
		};
		6F350E241DCC098AFE71A99B /* PostCell */ = {
			isa = PBXGroup;
			children = (
				6F350711D3C61100FECCF207 /* RedditPostTableViewCell.swift */,
				6F350CF96657672578C723FF /* RedditPostTableViewCell.xib */,
				6F350F635AFF7C863072D590 /* RedditPostCellDelegate.swift */,
			);
			path = PostCell;
			sourceTree = "<group>";
		};
		6F350E40ABC75FB2F7A251E6 /* DataStorageService */ = {
			isa = PBXGroup;
			children = (
				6F350546567C7A7E48B21872 /* DataStorageService.swift */,
				6F350B062562FE28AAE281FF /* UserDefaultsStorageService.swift */,
			);
			path = DataStorageService;
			sourceTree = "<group>";
		};
		6F350F090B4CF1825D5EF893 /* Commons */ = {
			isa = PBXGroup;
			children = (
				6F3507E27ABFEA0210CF33B3 /* WebPageViewController.swift */,
				6F350244389EA6606AECEA11 /* PostModelPresenter.swift */,
			);
			path = Commons;
			sourceTree = "<group>";
		};
/* End PBXGroup section */

/* Begin PBXNativeTarget section */
		44BE07171F42DDEC00596DFE /* RedditReader */ = {
			isa = PBXNativeTarget;
			buildConfigurationList = 44BE07401F42DDED00596DFE /* Build configuration list for PBXNativeTarget "RedditReader" */;
			buildPhases = (
				44BE07141F42DDEC00596DFE /* Sources */,
				44BE07151F42DDEC00596DFE /* Frameworks */,
				44BE07161F42DDEC00596DFE /* Resources */,
			);
			buildRules = (
			);
			dependencies = (
			);
			name = RedditReader;
			productName = RedditReader;
			productReference = 44BE07181F42DDEC00596DFE /* RedditReader.app */;
			productType = "com.apple.product-type.application";
		};
/* End PBXNativeTarget section */

/* Begin PBXProject section */
		44BE07101F42DDEC00596DFE /* Project object */ = {
			isa = PBXProject;
			attributes = {
				LastSwiftUpdateCheck = 0830;
				LastUpgradeCheck = 0830;
				ORGANIZATIONNAME = "ios developer";
				TargetAttributes = {
					44BE07171F42DDEC00596DFE = {
						CreatedOnToolsVersion = 8.3.3;
						ProvisioningStyle = Automatic;
					};
				};
			};
			buildConfigurationList = 44BE07131F42DDEC00596DFE /* Build configuration list for PBXProject "RedditReader" */;
			compatibilityVersion = "Xcode 3.2";
			developmentRegion = English;
			hasScannedForEncodings = 0;
			knownRegions = (
				en,
				Base,
			);
			mainGroup = 44BE070F1F42DDEC00596DFE;
			productRefGroup = 44BE07191F42DDEC00596DFE /* Products */;
			projectDirPath = "";
			projectRoot = "";
			targets = (
				44BE07171F42DDEC00596DFE /* RedditReader */,
			);
		};
/* End PBXProject section */

/* Begin PBXResourcesBuildPhase section */
		44BE07161F42DDEC00596DFE /* Resources */ = {
			isa = PBXResourcesBuildPhase;
			buildActionMask = 2147483647;
			files = (
				44A6BB5C1F44F5CB00EEABBB /* Main.storyboard in Resources */,
				44A6BB5E1F44F7B300EEABBB /* Media.xcassets in Resources */,
				6F350FFBF1305FFB7E918557 /* Default-568h@2x.png in Resources */,
				6F3506802619F2D6995B09DE /* RedditPostTableViewCell.xib in Resources */,
			);
			runOnlyForDeploymentPostprocessing = 0;
		};
/* End PBXResourcesBuildPhase section */

/* Begin PBXSourcesBuildPhase section */
		44BE07141F42DDEC00596DFE /* Sources */ = {
			isa = PBXSourcesBuildPhase;
			buildActionMask = 2147483647;
			files = (
				44BE071C1F42DDEC00596DFE /* AppDelegate.swift in Sources */,
				6F35069FD77033D286E25F52 /* PostListViewController.swift in Sources */,
				6F350D9F6D449B16CE717C5A /* FullImageViewController.swift in Sources */,
				6F350FAAF5B4966747E7742A /* DataStorageService.swift in Sources */,
				6F350AFCB5E92C511A34C0E3 /* UserDefaultsStorageService.swift in Sources */,
				6F3505AA4E1CAB6B9A007FD7 /* CacheDataService.swift in Sources */,
				6F35086E1A0A8CFB76030F37 /* TopPostsDataService.swift in Sources */,
				6F350E566B740199DCDC7F49 /* NetworkDataService.swift in Sources */,
				6F3505A8DA9824E0CB329649 /* DataProviderService.swift in Sources */,
				6F350BDF00C37E40B1ED2E8A /* PostModel.swift in Sources */,
				6F350AF880AD3C5073B035D2 /* DataUtils.swift in Sources */,
				6F3502EDA6C204DD2032F1BA /* DateUtils.swift in Sources */,
				6F350459FF9358BEE538CBB3 /* ClassUtils.swift in Sources */,
				6F350E2C068A53199AABAE51 /* NetworkUtils.swift in Sources */,
				6F350BE6FB31DBAA3B8DFD24 /* RedditPostTableViewCell.swift in Sources */,
				6F350B1699A73246477BCD71 /* RedditPostCellDelegate.swift in Sources */,
				6F3505D2BA3E5F19E12E9B6F /* WebPageViewController.swift in Sources */,
				6F350C5DDC25E4C0C1AE83D4 /* PostModelPresenter.swift in Sources */,
				6F3503F43340DE7A52E790C2 /* PostWebPageViewController.swift in Sources */,
			);
			runOnlyForDeploymentPostprocessing = 0;
		};
/* End PBXSourcesBuildPhase section */

/* Begin XCBuildConfiguration section */
		44BE073E1F42DDED00596DFE /* Debug */ = {
			isa = XCBuildConfiguration;
			buildSettings = {
				ALWAYS_SEARCH_USER_PATHS = NO;
				CLANG_ANALYZER_NONNULL = YES;
				CLANG_ANALYZER_NUMBER_OBJECT_CONVERSION = YES_AGGRESSIVE;
				CLANG_CXX_LANGUAGE_STANDARD = "gnu++0x";
				CLANG_CXX_LIBRARY = "libc++";
				CLANG_ENABLE_MODULES = YES;
				CLANG_ENABLE_OBJC_ARC = YES;
				CLANG_WARN_BOOL_CONVERSION = YES;
				CLANG_WARN_CONSTANT_CONVERSION = YES;
				CLANG_WARN_DIRECT_OBJC_ISA_USAGE = YES_ERROR;
				CLANG_WARN_DOCUMENTATION_COMMENTS = YES;
				CLANG_WARN_EMPTY_BODY = YES;
				CLANG_WARN_ENUM_CONVERSION = YES;
				CLANG_WARN_INFINITE_RECURSION = YES;
				CLANG_WARN_INT_CONVERSION = YES;
				CLANG_WARN_OBJC_ROOT_CLASS = YES_ERROR;
				CLANG_WARN_SUSPICIOUS_MOVE = YES;
				CLANG_WARN_UNREACHABLE_CODE = YES;
				CLANG_WARN__DUPLICATE_METHOD_MATCH = YES;
				"CODE_SIGN_IDENTITY[sdk=iphoneos*]" = "iPhone Developer";
				COPY_PHASE_STRIP = NO;
				DEBUG_INFORMATION_FORMAT = dwarf;
				ENABLE_STRICT_OBJC_MSGSEND = YES;
				ENABLE_TESTABILITY = YES;
				GCC_C_LANGUAGE_STANDARD = gnu99;
				GCC_DYNAMIC_NO_PIC = NO;
				GCC_NO_COMMON_BLOCKS = YES;
				GCC_OPTIMIZATION_LEVEL = 0;
				GCC_PREPROCESSOR_DEFINITIONS = (
					"DEBUG=1",
					"$(inherited)",
				);
				GCC_WARN_64_TO_32_BIT_CONVERSION = YES;
				GCC_WARN_ABOUT_RETURN_TYPE = YES_ERROR;
				GCC_WARN_UNDECLARED_SELECTOR = YES;
				GCC_WARN_UNINITIALIZED_AUTOS = YES_AGGRESSIVE;
				GCC_WARN_UNUSED_FUNCTION = YES;
				GCC_WARN_UNUSED_VARIABLE = YES;
				IPHONEOS_DEPLOYMENT_TARGET = 10.3;
				MTL_ENABLE_DEBUG_INFO = YES;
				ONLY_ACTIVE_ARCH = YES;
				SDKROOT = iphoneos;
				SWIFT_ACTIVE_COMPILATION_CONDITIONS = DEBUG;
				SWIFT_OPTIMIZATION_LEVEL = "-Onone";
				TARGETED_DEVICE_FAMILY = "1,2";
			};
			name = Debug;
		};
		44BE073F1F42DDED00596DFE /* Release */ = {
			isa = XCBuildConfiguration;
			buildSettings = {
				ALWAYS_SEARCH_USER_PATHS = NO;
				CLANG_ANALYZER_NONNULL = YES;
				CLANG_ANALYZER_NUMBER_OBJECT_CONVERSION = YES_AGGRESSIVE;
				CLANG_CXX_LANGUAGE_STANDARD = "gnu++0x";
				CLANG_CXX_LIBRARY = "libc++";
				CLANG_ENABLE_MODULES = YES;
				CLANG_ENABLE_OBJC_ARC = YES;
				CLANG_WARN_BOOL_CONVERSION = YES;
				CLANG_WARN_CONSTANT_CONVERSION = YES;
				CLANG_WARN_DIRECT_OBJC_ISA_USAGE = YES_ERROR;
				CLANG_WARN_DOCUMENTATION_COMMENTS = YES;
				CLANG_WARN_EMPTY_BODY = YES;
				CLANG_WARN_ENUM_CONVERSION = YES;
				CLANG_WARN_INFINITE_RECURSION = YES;
				CLANG_WARN_INT_CONVERSION = YES;
				CLANG_WARN_OBJC_ROOT_CLASS = YES_ERROR;
				CLANG_WARN_SUSPICIOUS_MOVE = YES;
				CLANG_WARN_UNREACHABLE_CODE = YES;
				CLANG_WARN__DUPLICATE_METHOD_MATCH = YES;
				"CODE_SIGN_IDENTITY[sdk=iphoneos*]" = "iPhone Developer";
				COPY_PHASE_STRIP = NO;
				DEBUG_INFORMATION_FORMAT = "dwarf-with-dsym";
				ENABLE_NS_ASSERTIONS = NO;
				ENABLE_STRICT_OBJC_MSGSEND = YES;
				GCC_C_LANGUAGE_STANDARD = gnu99;
				GCC_NO_COMMON_BLOCKS = YES;
				GCC_WARN_64_TO_32_BIT_CONVERSION = YES;
				GCC_WARN_ABOUT_RETURN_TYPE = YES_ERROR;
				GCC_WARN_UNDECLARED_SELECTOR = YES;
				GCC_WARN_UNINITIALIZED_AUTOS = YES_AGGRESSIVE;
				GCC_WARN_UNUSED_FUNCTION = YES;
				GCC_WARN_UNUSED_VARIABLE = YES;
				IPHONEOS_DEPLOYMENT_TARGET = 10.3;
				MTL_ENABLE_DEBUG_INFO = NO;
				SDKROOT = iphoneos;
				SWIFT_OPTIMIZATION_LEVEL = "-Owholemodule";
				TARGETED_DEVICE_FAMILY = "1,2";
				VALIDATE_PRODUCT = YES;
			};
			name = Release;
		};
		44BE07411F42DDED00596DFE /* Debug */ = {
			isa = XCBuildConfiguration;
			buildSettings = {
				ASSETCATALOG_COMPILER_APPICON_NAME = AppIcon;
				INFOPLIST_FILE = RedditReader/Info.plist;
				LD_RUNPATH_SEARCH_PATHS = "$(inherited) @executable_path/Frameworks";
				PRODUCT_BUNDLE_IDENTIFIER = com.ring.valeriy.test.RedditReader;
				PRODUCT_NAME = "$(TARGET_NAME)";
				SWIFT_VERSION = 3.0;
			};
			name = Debug;
		};
		44BE07421F42DDED00596DFE /* Release */ = {
			isa = XCBuildConfiguration;
			buildSettings = {
				ASSETCATALOG_COMPILER_APPICON_NAME = AppIcon;
				INFOPLIST_FILE = RedditReader/Info.plist;
				LD_RUNPATH_SEARCH_PATHS = "$(inherited) @executable_path/Frameworks";
				PRODUCT_BUNDLE_IDENTIFIER = com.ring.valeriy.test.RedditReader;
				PRODUCT_NAME = "$(TARGET_NAME)";
				SWIFT_VERSION = 3.0;
			};
			name = Release;
		};
/* End XCBuildConfiguration section */

/* Begin XCConfigurationList section */
		44BE07131F42DDEC00596DFE /* Build configuration list for PBXProject "RedditReader" */ = {
			isa = XCConfigurationList;
			buildConfigurations = (
				44BE073E1F42DDED00596DFE /* Debug */,
				44BE073F1F42DDED00596DFE /* Release */,
			);
			defaultConfigurationIsVisible = 0;
			defaultConfigurationName = Release;
		};
		44BE07401F42DDED00596DFE /* Build configuration list for PBXNativeTarget "RedditReader" */ = {
			isa = XCConfigurationList;
			buildConfigurations = (
				44BE07411F42DDED00596DFE /* Debug */,
				44BE07421F42DDED00596DFE /* Release */,
			);
			defaultConfigurationIsVisible = 0;
			defaultConfigurationName = Release;
		};
/* End XCConfigurationList section */
	};
	rootObject = 44BE07101F42DDEC00596DFE /* Project object */;
}
